Microsoft Visual Studio Solution File, Format Version 11.00
# Visual Studio 2010
Project("{F184B08F-C81C-45F6-A57F-5ABD9991F28F}") = "WCFInstantFeedbackCRUD", "WCFInstantFeedbackCRUD\WCFInstantFeedbackCRUD.vbproj", "{A0BE2498-77C7-4195-A3DB-72018C8209FB}"
EndProject
Project("{F184B08F-C81C-45F6-A57F-5ABD9991F28F}") = "WCFInstantFeedbackCRUD.Web", "WCFInstantFeedbackCRUD.Web\WCFInstantFeedbackCRUD.Web.vbproj", "{39DF25AB-CC58-4FCA-B1AC-4A0F229F0C4F}"
EndProject
Global
	GlobalSection(SolutionConfigurationPlatforms) = preSolution
		Debug|Any CPU = Debug|Any CPU
		Release|Any CPU = Release|Any CPU
	EndGlobalSection
	GlobalSection(ProjectConfigurationPlatforms) = postSolution
		{A0BE2498-77C7-4195-A3DB-72018C8209FB}.Debug|Any CPU.ActiveCfg = Debug|Any CPU
		{A0BE2498-77C7-4195-A3DB-72018C8209FB}.Debug|Any CPU.Build.0 = Debug|Any CPU
		{A0BE2498-77C7-4195-A3DB-72018C8209FB}.Release|Any CPU.ActiveCfg = Release|Any CPU
		{A0BE2498-77C7-4195-A3DB-72018C8209FB}.Release|Any CPU.Build.0 = Release|Any CPU
		{39DF25AB-CC58-4FCA-B1AC-4A0F229F0C4F}.Debug|Any CPU.ActiveCfg = Debug|Any CPU
		{39DF25AB-CC58-4FCA-B1AC-4A0F229F0C4F}.Debug|Any CPU.Build.0 = Debug|Any CPU
		{39DF25AB-CC58-4FCA-B1AC-4A0F229F0C4F}.Release|Any CPU.ActiveCfg = Release|Any CPU
		{39DF25AB-CC58-4FCA-B1AC-4A0F229F0C4F}.Release|Any CPU.Build.0 = Release|Any CPU
	EndGlobalSection
	GlobalSection(SolutionProperties) = preSolution
		HideSolutionNode = FALSE
	EndGlobalSection
EndGlobal
